
Microsoft Visual Studio Solution File, Format Version 12.00
# Visual Studio Version 16
VisualStudioVersion = 16.0.30413.136
MinimumVisualStudioVersion = 10.0.40219.1
Project("{FAE04EC0-301F-11D3-BF4B-00C04F79EFBC}") = "InputToSender", "InputToSender\InputToSender.csproj", "{5D79A77B-0683-41D9-8094-FC55F7D9664E}"
EndProject
Project("{FAE04EC0-301F-11D3-BF4B-00C04F79EFBC}") = "SenderTests", "SenderTests\SenderTests.csproj", "{3625A881-D4E4-44D4-85FD-9528AB46A8D8}"
EndProject
Global
	GlobalSection(SolutionConfigurationPlatforms) = preSolution
		Debug|Any CPU = Debug|Any CPU
		Release|Any CPU = Release|Any CPU
	EndGlobalSection
	GlobalSection(ProjectConfigurationPlatforms) = postSolution
		{5D79A77B-0683-41D9-8094-FC55F7D9664E}.Debug|Any CPU.ActiveCfg = Debug|Any CPU
		{5D79A77B-0683-41D9-8094-FC55F7D9664E}.Debug|Any CPU.Build.0 = Debug|Any CPU
		{5D79A77B-0683-41D9-8094-FC55F7D9664E}.Release|Any CPU.ActiveCfg = Release|Any CPU
		{5D79A77B-0683-41D9-8094-FC55F7D9664E}.Release|Any CPU.Build.0 = Release|Any CPU
		{3625A881-D4E4-44D4-85FD-9528AB46A8D8}.Debug|Any CPU.ActiveCfg = Debug|Any CPU
		{3625A881-D4E4-44D4-85FD-9528AB46A8D8}.Debug|Any CPU.Build.0 = Debug|Any CPU
		{3625A881-D4E4-44D4-85FD-9528AB46A8D8}.Release|Any CPU.ActiveCfg = Release|Any CPU
		{3625A881-D4E4-44D4-85FD-9528AB46A8D8}.Release|Any CPU.Build.0 = Release|Any CPU
	EndGlobalSection
	GlobalSection(SolutionProperties) = preSolution
		HideSolutionNode = FALSE
	EndGlobalSection
	GlobalSection(ExtensibilityGlobals) = postSolution
		SolutionGuid = {5C4CEC6D-763F-42FF-A318-9D90DC943BCD}
	EndGlobalSection
EndGlobal
